
Microsoft Visual Studio Solution File, Format Version 12.00
# Visual Studio Version 17
VisualStudioVersion = 17.13.35913.81 d17.13
MinimumVisualStudioVersion = 10.0.40219.1
Project("{FAE04EC0-301F-11D3-BF4B-00C04F79EFBC}") = "Arrays2", "Arrays2\Arrays2.csproj", "{0A936BBC-6AF4-4E8A-9AD7-0BB2A1BFFED7}"
EndProject
Global
	GlobalSection(SolutionConfigurationPlatforms) = preSolution
		Debug|Any CPU = Debug|Any CPU
		Release|Any CPU = Release|Any CPU
	EndGlobalSection
	GlobalSection(ProjectConfigurationPlatforms) = postSolution
		{0A936BBC-6AF4-4E8A-9AD7-0BB2A1BFFED7}.Debug|Any CPU.ActiveCfg = Debug|Any CPU
		{0A936BBC-6AF4-4E8A-9AD7-0BB2A1BFFED7}.Debug|Any CPU.Build.0 = Debug|Any CPU
		{0A936BBC-6AF4-4E8A-9AD7-0BB2A1BFFED7}.Release|Any CPU.ActiveCfg = Release|Any CPU
		{0A936BBC-6AF4-4E8A-9AD7-0BB2A1BFFED7}.Release|Any CPU.Build.0 = Release|Any CPU
	EndGlobalSection
	GlobalSection(SolutionProperties) = preSolution
		HideSolutionNode = FALSE
	EndGlobalSection
	GlobalSection(ExtensibilityGlobals) = postSolution
		SolutionGuid = {CD69A864-536F-4D77-800B-43CEC4FA164D}
	EndGlobalSection
EndGlobal
